{
  "version": 4,
  "terraform_version": "1.2.7",
  "serial": 45,
  "lineage": "44d090f2-19ee-494b-c5a2-29b21ab6bca4",
  "outputs": {
    "db_password": {
      "value": "6I2*1EJVz51zgVE\u0026",
      "type": "string",
      "sensitive": true
    },
    "lb_dns_name": {
      "value": "terraform-lesson4-951630529.us-west-2.elb.amazonaws.com",
      "type": "string"
    }
  },
  "resources": [
    {
      "module": "module.auto-scaling",
      "mode": "data",
      "type": "aws_ami",
      "name": "ami",
      "provider": "provider[\"registry.terraform.io/hashicorp/aws\"]",
      "instances": [
        {
          "schema_version": 0,
          "attributes": {
            "architecture": "x86_64",
            "arn": "arn:aws:ec2:us-west-2::image/ami-07d59d159373b8030",
            "block_device_mappings": [
              {
                "device_name": "/dev/xvda",
                "ebs": {
                  "delete_on_termination": "true",
                  "encrypted": "false",
                  "iops": "0",
                  "snapshot_id": "snap-0bfbe830701838fce",
                  "throughput": "0",
                  "volume_size": "8",
                  "volume_type": "gp2"
                },
                "no_device": "",
                "virtual_name": ""
              }
            ],
            "boot_mode": "",
            "creation_date": "2022-08-17T23:34:45.000Z",
            "deprecation_time": "2024-08-17T23:34:45.000Z",
            "description": "Amazon Linux 2 AMI 2.0.20220805.0 x86_64 HVM gp2",
            "ena_support": true,
            "executable_users": null,
            "filter": [
              {
                "name": "name",
                "values": [
                  "amzn2-ami-hvm-2.0.*-x86_64-gp2"
                ]
              }
            ],
            "hypervisor": "xen",
            "id": "ami-07d59d159373b8030",
            "image_id": "ami-07d59d159373b8030",
            "image_location": "amazon/amzn2-ami-hvm-2.0.20220805.0-x86_64-gp2",
            "image_owner_alias": "amazon",
            "image_type": "machine",
            "include_deprecated": false,
            "kernel_id": "",
            "most_recent": true,
            "name": "amzn2-ami-hvm-2.0.20220805.0-x86_64-gp2",
            "name_regex": null,
            "owner_id": "137112412989",
            "owners": [
              "amazon"
            ],
            "platform": "",
            "platform_details": "Linux/UNIX",
            "product_codes": [],
            "public": true,
            "ramdisk_id": "",
            "root_device_name": "/dev/xvda",
            "root_device_type": "ebs",
            "root_snapshot_id": "snap-0bfbe830701838fce",
            "sriov_net_support": "simple",
            "state": "available",
            "state_reason": {
              "code": "UNSET",
              "message": "UNSET"
            },
            "tags": {},
            "timeouts": null,
            "tpm_support": "",
            "usage_operation": "RunInstances",
            "virtualization_type": "hvm"
          },
          "sensitive_attributes": []
        }
      ]
    },
    {
      "module": "module.auto-scaling",
      "mode": "managed",
      "type": "aws_autoscaling_group",
      "name": "web",
      "provider": "provider[\"registry.terraform.io/hashicorp/aws\"]",
      "instances": [
        {
          "schema_version": 0,
          "attributes": {
            "arn": "arn:aws:autoscaling:us-west-2:373986434526:autoScalingGroup:5b3a6b87-fc57-430f-b629-72b259d40e51:autoScalingGroupName/terraform-lesson4-asg",
            "availability_zones": [
              "us-west-2a",
              "us-west-2b",
              "us-west-2c"
            ],
            "capacity_rebalance": false,
            "context": "",
            "default_cooldown": 300,
            "default_instance_warmup": 0,
            "desired_capacity": 1,
            "enabled_metrics": [],
            "force_delete": false,
            "force_delete_warm_pool": false,
            "health_check_grace_period": 300,
            "health_check_type": "EC2",
            "id": "terraform-lesson4-asg",
            "initial_lifecycle_hook": [],
            "instance_refresh": [],
            "launch_configuration": "",
            "launch_template": [
              {
                "id": "lt-0d37abb77f10f352f",
                "name": "web-20220824071009534800000007",
                "version": "1"
              }
            ],
            "load_balancers": [],
            "max_instance_lifetime": 0,
            "max_size": 3,
            "metrics_granularity": "1Minute",
            "min_elb_capacity": null,
            "min_size": 1,
            "mixed_instances_policy": [],
            "name": "terraform-lesson4-asg",
            "name_prefix": "",
            "placement_group": "",
            "protect_from_scale_in": false,
            "service_linked_role_arn": "arn:aws:iam::373986434526:role/aws-service-role/autoscaling.amazonaws.com/AWSServiceRoleForAutoScaling",
            "suspended_processes": [],
            "tag": [],
            "tags": null,
            "target_group_arns": [
              "arn:aws:elasticloadbalancing:us-west-2:373986434526:targetgroup/web20220824071205526800000009/70e0d98fff7e1786"
            ],
            "termination_policies": [],
            "timeouts": null,
            "vpc_zone_identifier": [
              "subnet-03aefa7333acea51d",
              "subnet-0838c8c6b38f79719",
              "subnet-0ccfae29c73d21549"
            ],
            "wait_for_capacity_timeout": "10m",
            "wait_for_elb_capacity": null,
            "warm_pool": []
          },
          "sensitive_attributes": [],
          "private": "eyJlMmJmYjczMC1lY2FhLTExZTYtOGY4OC0zNDM2M2JjN2M0YzAiOnsiZGVsZXRlIjo2MDAwMDAwMDAwMDAsInVwZGF0ZSI6NjAwMDAwMDAwMDAwfX0=",
          "dependencies": [
            "module.auto-scaling.aws_launch_template.web",
            "module.auto-scaling.data.aws_ami.ami",
            "module.auto-scaling.module.alb.aws_lb_target_group.main",
            "module.auto-scaling.module.iam_instance_profile.aws_iam_instance_profile.iam_instance_profile",
            "module.auto-scaling.module.iam_instance_profile.aws_iam_role.iam_role",
            "module.networking.data.aws_availability_zones.available",
            "module.networking.module.db_sg.aws_security_group.security_group",
            "module.networking.module.lb_sg.aws_security_group.security_group",
            "module.networking.module.vpc.aws_cloudwatch_log_group.flow_log",
            "module.networking.module.vpc.aws_customer_gateway.this",
            "module.networking.module.vpc.aws_db_subnet_group.database",
            "module.networking.module.vpc.aws_default_network_acl.this",
            "module.networking.module.vpc.aws_default_route_table.default",
            "module.networking.module.vpc.aws_default_security_group.this",
            "module.networking.module.vpc.aws_default_vpc.this",
            "module.networking.module.vpc.aws_egress_only_internet_gateway.this",
            "module.networking.module.vpc.aws_eip.nat",
            "module.networking.module.vpc.aws_elasticache_subnet_group.elasticache",
            "module.networking.module.vpc.aws_flow_log.this",
            "module.networking.module.vpc.aws_iam_policy.vpc_flow_log_cloudwatch",
            "module.networking.module.vpc.aws_iam_role.vpc_flow_log_cloudwatch",
            "module.networking.module.vpc.aws_iam_role_policy_attachment.vpc_flow_log_cloudwatch",
            "module.networking.module.vpc.aws_internet_gateway.this",
            "module.networking.module.vpc.aws_nat_gateway.this",
            "module.networking.module.vpc.aws_network_acl.database",
            "module.networking.module.vpc.aws_network_acl.elasticache",
            "module.networking.module.vpc.aws_network_acl.intra",
            "module.networking.module.vpc.aws_network_acl.outpost",
            "module.networking.module.vpc.aws_network_acl.private",
            "module.networking.module.vpc.aws_network_acl.public",
            "module.networking.module.vpc.aws_network_acl.redshift",
            "module.networking.module.vpc.aws_network_acl_rule.database_inbound",
            "module.networking.module.vpc.aws_network_acl_rule.database_outbound",
            "module.networking.module.vpc.aws_network_acl_rule.elasticache_inbound",
            "module.networking.module.vpc.aws_network_acl_rule.elasticache_outbound",
            "module.networking.module.vpc.aws_network_acl_rule.intra_inbound",
            "module.networking.module.vpc.aws_network_acl_rule.intra_outbound",
            "module.networking.module.vpc.aws_network_acl_rule.outpost_inbound",
            "module.networking.module.vpc.aws_network_acl_rule.outpost_outbound",
            "module.networking.module.vpc.aws_network_acl_rule.private_inbound",
            "module.networking.module.vpc.aws_network_acl_rule.private_outbound",
            "module.networking.module.vpc.aws_network_acl_rule.public_inbound",
            "module.networking.module.vpc.aws_network_acl_rule.public_outbound",
            "module.networking.module.vpc.aws_network_acl_rule.redshift_inbound",
            "module.networking.module.vpc.aws_network_acl_rule.redshift_outbound",
            "module.networking.module.vpc.aws_redshift_subnet_group.redshift",
            "module.networking.module.vpc.aws_route.database_internet_gateway",
            "module.networking.module.vpc.aws_route.database_ipv6_egress",
            "module.networking.module.vpc.aws_route.database_nat_gateway",
            "module.networking.module.vpc.aws_route.private_ipv6_egress",
            "module.networking.module.vpc.aws_route.private_nat_gateway",
            "module.networking.module.vpc.aws_route.public_internet_gateway",
            "module.networking.module.vpc.aws_route.public_internet_gateway_ipv6",
            "module.networking.module.vpc.aws_route_table.database",
            "module.networking.module.vpc.aws_route_table.elasticache",
            "module.networking.module.vpc.aws_route_table.intra",
            "module.networking.module.vpc.aws_route_table.private",
            "module.networking.module.vpc.aws_route_table.public",
            "module.networking.module.vpc.aws_route_table.redshift",
            "module.networking.module.vpc.aws_route_table_association.database",
            "module.networking.module.vpc.aws_route_table_association.elasticache",
            "module.networking.module.vpc.aws_route_table_association.intra",
            "module.networking.module.vpc.aws_route_table_association.outpost",
            "module.networking.module.vpc.aws_route_table_association.private",
            "module.networking.module.vpc.aws_route_table_association.public",
            "module.networking.module.vpc.aws_route_table_association.redshift",
            "module.networking.module.vpc.aws_route_table_association.redshift_public",
            "module.networking.module.vpc.aws_subnet.database",
            "module.networking.module.vpc.aws_subnet.elasticache",
            "module.networking.module.vpc.aws_subnet.intra",
            "module.networking.module.vpc.aws_subnet.outpost",
            "module.networking.module.vpc.aws_subnet.private",
            "module.networking.module.vpc.aws_subnet.public",
            "module.networking.module.vpc.aws_subnet.redshift",
            "module.networking.module.vpc.aws_vpc.this",
            "module.networking.module.vpc.aws_vpc_dhcp_options.this",
            "module.networking.module.vpc.aws_vpc_dhcp_options_association.this",
            "module.networking.module.vpc.aws_vpc_ipv4_cidr_block_association.this",
            "module.networking.module.vpc.aws_vpn_gateway.this",
            "module.networking.module.vpc.aws_vpn_gateway_attachment.this",
            "module.networking.module.vpc.aws_vpn_gateway_route_propagation.intra",
            "module.networking.module.vpc.aws_vpn_gateway_route_propagation.private",
            "module.networking.module.vpc.aws_vpn_gateway_route_propagation.public",
            "module.networking.module.vpc.data.aws_iam_policy_document.flow_log_cloudwatch_assume_role",
            "module.networking.module.vpc.data.aws_iam_policy_document.vpc_flow_log_cloudwatch",
            "module.networking.module.web_sg.aws_security_group.security_group"
          ]
        }
      ]
    },
    {
      "module": "module.auto-scaling",
      "mode": "managed",
      "type": "aws_launch_template",
      "name": "web",
      "provider": "provider[\"registry.terraform.io/hashicorp/aws\"]",
      "instances": [
        {
          "schema_version": 0,
          "attributes": {
            "arn": "arn:aws:ec2:us-west-2:373986434526:launch-template/lt-0d37abb77f10f352f",
            "block_device_mappings": [],
            "capacity_reservation_specification": [],
            "cpu_options": [],
            "credit_specification": [],
            "default_version": 1,
            "description": "",
            "disable_api_stop": false,
            "disable_api_termination": false,
            "ebs_optimized": "",
            "elastic_gpu_specifications": [],
            "elastic_inference_accelerator": [],
            "enclave_options": [],
            "hibernation_options": [],
            "iam_instance_profile": [
              {
                "arn": "",
                "name": "terraform-20220824070951545700000003"
              }
            ],
            "id": "lt-0d37abb77f10f352f",
            "image_id": "ami-07d59d159373b8030",
            "instance_initiated_shutdown_behavior": "",
            "instance_market_options": [],
            "instance_requirements": [],
            "instance_type": "t2.micro",
            "kernel_id": "",
            "key_name": "",
            "latest_version": 1,
            "license_specification": [],
            "maintenance_options": [],
            "metadata_options": [],
            "monitoring": [],
            "name": "web-20220824071009534800000007",
            "name_prefix": "web-",
            "network_interfaces": [],
            "placement": [],
            "private_dns_name_options": [],
            "ram_disk_id": "",
            "security_group_names": [],
            "tag_specifications": [],
            "tags": {},
            "tags_all": {},
            "update_default_version": null,
            "user_data": "IyEvYmluL2Jhc2gKeXVtIHVwZGF0ZSAteQp5dW0gaW5zdGFsbCAteSBodHRwZC54ODZfNjQKc3lzdGVtY3RsIHN0YXJ0IGh0dHBkCnN5c3RlbWN0bCBlbmFibGUgaHR0cAplY2hvICIkKGN1cmwgaHR0cDovLzE2OS4yNTQuMTY5LjI1NC9sYXRlc3QvbWV0YS1kYXRhL2xvY2FsLWlwdjQpIiA+IC92YXIvd3d3L2h0bWwvaW5kZXguaHRtbAo=",
            "vpc_security_group_ids": [
              "sg-05719dc6f464c7373"
            ]
          },
          "sensitive_attributes": [],
          "private": "bnVsbA==",
          "dependencies": [
            "module.auto-scaling.data.aws_ami.ami",
            "module.auto-scaling.module.iam_instance_profile.aws_iam_instance_profile.iam_instance_profile",
            "module.auto-scaling.module.iam_instance_profile.aws_iam_role.iam_role",
            "module.networking.module.db_sg.aws_security_group.security_group",
            "module.networking.module.lb_sg.aws_security_group.security_group",
            "module.networking.module.vpc.aws_vpc.this",
            "module.networking.module.web_sg.aws_security_group.security_group"
          ]
        }
      ]
    },
    {
      "module": "module.auto-scaling.module.alb",
      "mode": "managed",
      "type": "aws_lb",
      "name": "this",
      "provider": "provider[\"registry.terraform.io/hashicorp/aws\"]",
      "instances": [
        {
          "index_key": 0,
          "schema_version": 0,
          "attributes": {
            "access_logs": [
              {
                "bucket": "",
                "enabled": false,
                "prefix": ""
              }
            ],
            "arn": "arn:aws:elasticloadbalancing:us-west-2:373986434526:loadbalancer/app/terraform-lesson4/191fe99a7fa9ffe6",
            "arn_suffix": "app/terraform-lesson4/191fe99a7fa9ffe6",
            "customer_owned_ipv4_pool": "",
            "desync_mitigation_mode": "defensive",
            "dns_name": "terraform-lesson4-951630529.us-west-2.elb.amazonaws.com",
            "drop_invalid_header_fields": false,
            "enable_cross_zone_load_balancing": null,
            "enable_deletion_protection": false,
            "enable_http2": true,
            "enable_waf_fail_open": false,
            "id": "arn:aws:elasticloadbalancing:us-west-2:373986434526:loadbalancer/app/terraform-lesson4/191fe99a7fa9ffe6",
            "idle_timeout": 60,
            "internal": false,
            "ip_address_type": "ipv4",
            "load_balancer_type": "application",
            "name": "terraform-lesson4",
            "name_prefix": null,
            "preserve_host_header": false,
            "security_groups": [
              "sg-083863acca98d43d1"
            ],
            "subnet_mapping": [
              {
                "allocation_id": "",
                "ipv6_address": "",
                "outpost_id": "",
                "private_ipv4_address": "",
                "subnet_id": "subnet-0600afac893f81b44"
              },
              {
                "allocation_id": "",
                "ipv6_address": "",
                "outpost_id": "",
                "private_ipv4_address": "",
                "subnet_id": "subnet-09a0b5c2aab8d2427"
              },
              {
                "allocation_id": "",
                "ipv6_address": "",
                "outpost_id": "",
                "private_ipv4_address": "",
                "subnet_id": "subnet-0abffeced293b30e2"
              }
            ],
            "subnets": [
              "subnet-0600afac893f81b44",
              "subnet-09a0b5c2aab8d2427",
              "subnet-0abffeced293b30e2"
            ],
            "tags": {
              "Name": "terraform-lesson4"
            },
            "tags_all": {
              "Name": "terraform-lesson4"
            },
            "timeouts": {
              "create": "10m",
              "delete": "10m",
              "update": "10m"
            },
            "vpc_id": "vpc-0a0fb33af917dd708",
            "zone_id": "Z1H1FL5HABSF5"
          },
          "sensitive_attributes": [],
          "private": "eyJlMmJmYjczMC1lY2FhLTExZTYtOGY4OC0zNDM2M2JjN2M0YzAiOnsiY3JlYXRlIjo2MDAwMDAwMDAwMDAsImRlbGV0ZSI6NjAwMDAwMDAwMDAwLCJ1cGRhdGUiOjYwMDAwMDAwMDAwMH19",
          "dependencies": [
            "module.networking.data.aws_availability_zones.available",
            "module.networking.module.db_sg.aws_security_group.security_group",
            "module.networking.module.lb_sg.aws_security_group.security_group",
            "module.networking.module.vpc.aws_cloudwatch_log_group.flow_log",
            "module.networking.module.vpc.aws_customer_gateway.this",
            "module.networking.module.vpc.aws_db_subnet_group.database",
            "module.networking.module.vpc.aws_default_network_acl.this",
            "module.networking.module.vpc.aws_default_route_table.default",
            "module.networking.module.vpc.aws_default_security_group.this",
            "module.networking.module.vpc.aws_default_vpc.this",
            "module.networking.module.vpc.aws_egress_only_internet_gateway.this",
            "module.networking.module.vpc.aws_eip.nat",
            "module.networking.module.vpc.aws_elasticache_subnet_group.elasticache",
            "module.networking.module.vpc.aws_flow_log.this",
            "module.networking.module.vpc.aws_iam_policy.vpc_flow_log_cloudwatch",
            "module.networking.module.vpc.aws_iam_role.vpc_flow_log_cloudwatch",
            "module.networking.module.vpc.aws_iam_role_policy_attachment.vpc_flow_log_cloudwatch",
            "module.networking.module.vpc.aws_internet_gateway.this",
            "module.networking.module.vpc.aws_nat_gateway.this",
            "module.networking.module.vpc.aws_network_acl.database",
            "module.networking.module.vpc.aws_network_acl.elasticache",
            "module.networking.module.vpc.aws_network_acl.intra",
            "module.networking.module.vpc.aws_network_acl.outpost",
            "module.networking.module.vpc.aws_network_acl.private",
            "module.networking.module.vpc.aws_network_acl.public",
            "module.networking.module.vpc.aws_network_acl.redshift",
            "module.networking.module.vpc.aws_network_acl_rule.database_inbound",
            "module.networking.module.vpc.aws_network_acl_rule.database_outbound",
            "module.networking.module.vpc.aws_network_acl_rule.elasticache_inbound",
            "module.networking.module.vpc.aws_network_acl_rule.elasticache_outbound",
            "module.networking.module.vpc.aws_network_acl_rule.intra_inbound",
            "module.networking.module.vpc.aws_network_acl_rule.intra_outbound",
            "module.networking.module.vpc.aws_network_acl_rule.outpost_inbound",
            "module.networking.module.vpc.aws_network_acl_rule.outpost_outbound",
            "module.networking.module.vpc.aws_network_acl_rule.private_inbound",
            "module.networking.module.vpc.aws_network_acl_rule.private_outbound",
            "module.networking.module.vpc.aws_network_acl_rule.public_inbound",
            "module.networking.module.vpc.aws_network_acl_rule.public_outbound",
            "module.networking.module.vpc.aws_network_acl_rule.redshift_inbound",
            "module.networking.module.vpc.aws_network_acl_rule.redshift_outbound",
            "module.networking.module.vpc.aws_redshift_subnet_group.redshift",
            "module.networking.module.vpc.aws_route.database_internet_gateway",
            "module.networking.module.vpc.aws_route.database_ipv6_egress",
            "module.networking.module.vpc.aws_route.database_nat_gateway",
            "module.networking.module.vpc.aws_route.private_ipv6_egress",
            "module.networking.module.vpc.aws_route.private_nat_gateway",
            "module.networking.module.vpc.aws_route.public_internet_gateway",
            "module.networking.module.vpc.aws_route.public_internet_gateway_ipv6",
            "module.networking.module.vpc.aws_route_table.database",
            "module.networking.module.vpc.aws_route_table.elasticache",
            "module.networking.module.vpc.aws_route_table.intra",
            "module.networking.module.vpc.aws_route_table.private",
            "module.networking.module.vpc.aws_route_table.public",
            "module.networking.module.vpc.aws_route_table.redshift",
            "module.networking.module.vpc.aws_route_table_association.database",
            "module.networking.module.vpc.aws_route_table_association.elasticache",
            "module.networking.module.vpc.aws_route_table_association.intra",
            "module.networking.module.vpc.aws_route_table_association.outpost",
            "module.networking.module.vpc.aws_route_table_association.private",
            "module.networking.module.vpc.aws_route_table_association.public",
            "module.networking.module.vpc.aws_route_table_association.redshift",
            "module.networking.module.vpc.aws_route_table_association.redshift_public",
            "module.networking.module.vpc.aws_subnet.database",
            "module.networking.module.vpc.aws_subnet.elasticache",
            "module.networking.module.vpc.aws_subnet.intra",
            "module.networking.module.vpc.aws_subnet.outpost",
            "module.networking.module.vpc.aws_subnet.private",
            "module.networking.module.vpc.aws_subnet.public",
            "module.networking.module.vpc.aws_subnet.redshift",
            "module.networking.module.vpc.aws_vpc.this",
            "module.networking.module.vpc.aws_vpc_dhcp_options.this",
            "module.networking.module.vpc.aws_vpc_dhcp_options_association.this",
            "module.networking.module.vpc.aws_vpc_ipv4_cidr_block_association.this",
            "module.networking.module.vpc.aws_vpn_gateway.this",
            "module.networking.module.vpc.aws_vpn_gateway_attachment.this",
            "module.networking.module.vpc.aws_vpn_gateway_route_propagation.intra",
            "module.networking.module.vpc.aws_vpn_gateway_route_propagation.private",
            "module.networking.module.vpc.aws_vpn_gateway_route_propagation.public",
            "module.networking.module.vpc.data.aws_iam_policy_document.flow_log_cloudwatch_assume_role",
            "module.networking.module.vpc.data.aws_iam_policy_document.vpc_flow_log_cloudwatch",
            "module.networking.module.web_sg.aws_security_group.security_group"
          ]
        }
      ]
    },
    {
      "module": "module.auto-scaling.module.alb",
      "mode": "managed",
      "type": "aws_lb_listener",
      "name": "frontend_http_tcp",
      "provider": "provider[\"registry.terraform.io/hashicorp/aws\"]",
      "instances": [
        {
          "index_key": 0,
          "schema_version": 0,
          "attributes": {
            "alpn_policy": null,
            "arn": "arn:aws:elasticloadbalancing:us-west-2:373986434526:listener/app/terraform-lesson4/191fe99a7fa9ffe6/2d0d9c8bea301072",
            "certificate_arn": null,
            "default_action": [
              {
                "authenticate_cognito": [],
                "authenticate_oidc": [],
                "fixed_response": [],
                "forward": [],
                "order": 1,
                "redirect": [],
                "target_group_arn": "arn:aws:elasticloadbalancing:us-west-2:373986434526:targetgroup/web20220824071205526800000009/70e0d98fff7e1786",
                "type": "forward"
              }
            ],
            "id": "arn:aws:elasticloadbalancing:us-west-2:373986434526:listener/app/terraform-lesson4/191fe99a7fa9ffe6/2d0d9c8bea301072",
            "load_balancer_arn": "arn:aws:elasticloadbalancing:us-west-2:373986434526:loadbalancer/app/terraform-lesson4/191fe99a7fa9ffe6",
            "port": 80,
            "protocol": "HTTP",
            "ssl_policy": "",
            "tags": {},
            "tags_all": {},
            "timeouts": null
          },
          "sensitive_attributes": [],
          "private": "eyJlMmJmYjczMC1lY2FhLTExZTYtOGY4OC0zNDM2M2JjN2M0YzAiOnsicmVhZCI6NjAwMDAwMDAwMDAwfX0=",
          "dependencies": [
            "module.auto-scaling.module.alb.aws_lb.this",
            "module.auto-scaling.module.alb.aws_lb_target_group.main",
            "module.networking.data.aws_availability_zones.available",
            "module.networking.module.db_sg.aws_security_group.security_group",
            "module.networking.module.lb_sg.aws_security_group.security_group",
            "module.networking.module.vpc.aws_cloudwatch_log_group.flow_log",
            "module.networking.module.vpc.aws_customer_gateway.this",
            "module.networking.module.vpc.aws_db_subnet_group.database",
            "module.networking.module.vpc.aws_default_network_acl.this",
            "module.networking.module.vpc.aws_default_route_table.default",
            "module.networking.module.vpc.aws_default_security_group.this",
            "module.networking.module.vpc.aws_default_vpc.this",
            "module.networking.module.vpc.aws_egress_only_internet_gateway.this",
            "module.networking.module.vpc.aws_eip.nat",
            "module.networking.module.vpc.aws_elasticache_subnet_group.elasticache",
            "module.networking.module.vpc.aws_flow_log.this",
            "module.networking.module.vpc.aws_iam_policy.vpc_flow_log_cloudwatch",
            "module.networking.module.vpc.aws_iam_role.vpc_flow_log_cloudwatch",
            "module.networking.module.vpc.aws_iam_role_policy_attachment.vpc_flow_log_cloudwatch",
            "module.networking.module.vpc.aws_internet_gateway.this",
            "module.networking.module.vpc.aws_nat_gateway.this",
            "module.networking.module.vpc.aws_network_acl.database",
            "module.networking.module.vpc.aws_network_acl.elasticache",
            "module.networking.module.vpc.aws_network_acl.intra",
            "module.networking.module.vpc.aws_network_acl.outpost",
            "module.networking.module.vpc.aws_network_acl.private",
            "module.networking.module.vpc.aws_network_acl.public",
            "module.networking.module.vpc.aws_network_acl.redshift",
            "module.networking.module.vpc.aws_network_acl_rule.database_inbound",
            "module.networking.module.vpc.aws_network_acl_rule.database_outbound",
            "module.networking.module.vpc.aws_network_acl_rule.elasticache_inbound",
            "module.networking.module.vpc.aws_network_acl_rule.elasticache_outbound",
            "module.networking.module.vpc.aws_network_acl_rule.intra_inbound",
            "module.networking.module.vpc.aws_network_acl_rule.intra_outbound",
            "module.networking.module.vpc.aws_network_acl_rule.outpost_inbound",
            "module.networking.module.vpc.aws_network_acl_rule.outpost_outbound",
            "module.networking.module.vpc.aws_network_acl_rule.private_inbound",
            "module.networking.module.vpc.aws_network_acl_rule.private_outbound",
            "module.networking.module.vpc.aws_network_acl_rule.public_inbound",
            "module.networking.module.vpc.aws_network_acl_rule.public_outbound",
            "module.networking.module.vpc.aws_network_acl_rule.redshift_inbound",
            "module.networking.module.vpc.aws_network_acl_rule.redshift_outbound",
            "module.networking.module.vpc.aws_redshift_subnet_group.redshift",
            "module.networking.module.vpc.aws_route.database_internet_gateway",
            "module.networking.module.vpc.aws_route.database_ipv6_egress",
            "module.networking.module.vpc.aws_route.database_nat_gateway",
            "module.networking.module.vpc.aws_route.private_ipv6_egress",
            "module.networking.module.vpc.aws_route.private_nat_gateway",
            "module.networking.module.vpc.aws_route.public_internet_gateway",
            "module.networking.module.vpc.aws_route.public_internet_gateway_ipv6",
            "module.networking.module.vpc.aws_route_table.database",
            "module.networking.module.vpc.aws_route_table.elasticache",
            "module.networking.module.vpc.aws_route_table.intra",
            "module.networking.module.vpc.aws_route_table.private",
            "module.networking.module.vpc.aws_route_table.public",
            "module.networking.module.vpc.aws_route_table.redshift",
            "module.networking.module.vpc.aws_route_table_association.database",
            "module.networking.module.vpc.aws_route_table_association.elasticache",
            "module.networking.module.vpc.aws_route_table_association.intra",
            "module.networking.module.vpc.aws_route_table_association.outpost",
            "module.networking.module.vpc.aws_route_table_association.private",
            "module.networking.module.vpc.aws_route_table_association.public",
            "module.networking.module.vpc.aws_route_table_association.redshift",
            "module.networking.module.vpc.aws_route_table_association.redshift_public",
            "module.networking.module.vpc.aws_subnet.database",
            "module.networking.module.vpc.aws_subnet.elasticache",
            "module.networking.module.vpc.aws_subnet.intra",
            "module.networking.module.vpc.aws_subnet.outpost",
            "module.networking.module.vpc.aws_subnet.private",
            "module.networking.module.vpc.aws_subnet.public",
            "module.networking.module.vpc.aws_subnet.redshift",
            "module.networking.module.vpc.aws_vpc.this",
            "module.networking.module.vpc.aws_vpc_dhcp_options.this",
            "module.networking.module.vpc.aws_vpc_dhcp_options_association.this",
            "module.networking.module.vpc.aws_vpc_ipv4_cidr_block_association.this",
            "module.networking.module.vpc.aws_vpn_gateway.this",
            "module.networking.module.vpc.aws_vpn_gateway_attachment.this",
            "module.networking.module.vpc.aws_vpn_gateway_route_propagation.intra",
            "module.networking.module.vpc.aws_vpn_gateway_route_propagation.private",
            "module.networking.module.vpc.aws_vpn_gateway_route_propagation.public",
            "module.networking.module.vpc.data.aws_iam_policy_document.flow_log_cloudwatch_assume_role",
            "module.networking.module.vpc.data.aws_iam_policy_document.vpc_flow_log_cloudwatch",
            "module.networking.module.web_sg.aws_security_group.security_group"
          ]
        }
      ]
    },
    {
      "module": "module.auto-scaling.module.alb",
      "mode": "managed",
      "type": "aws_lb_target_group",
      "name": "main",
      "provider": "provider[\"registry.terraform.io/hashicorp/aws\"]",
      "instances": [
        {
          "index_key": 0,
          "schema_version": 0,
          "attributes": {
            "arn": "arn:aws:elasticloadbalancing:us-west-2:373986434526:targetgroup/web20220824071205526800000009/70e0d98fff7e1786",
            "arn_suffix": "targetgroup/web20220824071205526800000009/70e0d98fff7e1786",
            "connection_termination": false,
            "deregistration_delay": "300",
            "health_check": [
              {
                "enabled": true,
                "healthy_threshold": 5,
                "interval": 30,
                "matcher": "200",
                "path": "/",
                "port": "traffic-port",
                "protocol": "HTTP",
                "timeout": 5,
                "unhealthy_threshold": 2
              }
            ],
            "id": "arn:aws:elasticloadbalancing:us-west-2:373986434526:targetgroup/web20220824071205526800000009/70e0d98fff7e1786",
            "ip_address_type": null,
            "lambda_multi_value_headers_enabled": false,
            "load_balancing_algorithm_type": "round_robin",
            "name": "web20220824071205526800000009",
            "name_prefix": "web",
            "port": 80,
            "preserve_client_ip": null,
            "protocol": "HTTP",
            "protocol_version": "HTTP1",
            "proxy_protocol_v2": false,
            "slow_start": 0,
            "stickiness": [
              {
                "cookie_duration": 86400,
                "cookie_name": "",
                "enabled": false,
                "type": "lb_cookie"
              }
            ],
            "tags": {
              "Name": "web"
            },
            "tags_all": {
              "Name": "web"
            },
            "target_type": "instance",
            "vpc_id": "vpc-0a0fb33af917dd708"
          },
          "sensitive_attributes": [],
          "private": "bnVsbA==",
          "dependencies": [
            "module.networking.data.aws_availability_zones.available",
            "module.networking.module.vpc.aws_cloudwatch_log_group.flow_log",
            "module.networking.module.vpc.aws_customer_gateway.this",
            "module.networking.module.vpc.aws_db_subnet_group.database",
            "module.networking.module.vpc.aws_default_network_acl.this",
            "module.networking.module.vpc.aws_default_route_table.default",
            "module.networking.module.vpc.aws_default_security_group.this",
            "module.networking.module.vpc.aws_default_vpc.this",
            "module.networking.module.vpc.aws_egress_only_internet_gateway.this",
            "module.networking.module.vpc.aws_eip.nat",
            "module.networking.module.vpc.aws_elasticache_subnet_group.elasticache",
            "module.networking.module.vpc.aws_flow_log.this",
            "module.networking.module.vpc.aws_iam_policy.vpc_flow_log_cloudwatch",
            "module.networking.module.vpc.aws_iam_role.vpc_flow_log_cloudwatch",
            "module.networking.module.vpc.aws_iam_role_policy_attachment.vpc_flow_log_cloudwatch",
            "module.networking.module.vpc.aws_internet_gateway.this",
            "module.networking.module.vpc.aws_nat_gateway.this",
            "module.networking.module.vpc.aws_network_acl.database",
            "module.networking.module.vpc.aws_network_acl.elasticache",
            "module.networking.module.vpc.aws_network_acl.intra",
            "module.networking.module.vpc.aws_network_acl.outpost",
            "module.networking.module.vpc.aws_network_acl.private",
            "module.networking.module.vpc.aws_network_acl.public",
            "module.networking.module.vpc.aws_network_acl.redshift",
            "module.networking.module.vpc.aws_network_acl_rule.database_inbound",
            "module.networking.module.vpc.aws_network_acl_rule.database_outbound",
            "module.networking.module.vpc.aws_network_acl_rule.elasticache_inbound",
            "module.networking.module.vpc.aws_network_acl_rule.elasticache_outbound",
            "module.networking.module.vpc.aws_network_acl_rule.intra_inbound",
            "module.networking.module.vpc.aws_network_acl_rule.intra_outbound",
            "module.networking.module.vpc.aws_network_acl_rule.outpost_inbound",
            "module.networking.module.vpc.aws_network_acl_rule.outpost_outbound",
            "module.networking.module.vpc.aws_network_acl_rule.private_inbound",
            "module.networking.module.vpc.aws_network_acl_rule.private_outbound",
            "module.networking.module.vpc.aws_network_acl_rule.public_inbound",
            "module.networking.module.vpc.aws_network_acl_rule.public_outbound",
            "module.networking.module.vpc.aws_network_acl_rule.redshift_inbound",
            "module.networking.module.vpc.aws_network_acl_rule.redshift_outbound",
            "module.networking.module.vpc.aws_redshift_subnet_group.redshift",
            "module.networking.module.vpc.aws_route.database_internet_gateway",
            "module.networking.module.vpc.aws_route.database_ipv6_egress",
            "module.networking.module.vpc.aws_route.database_nat_gateway",
            "module.networking.module.vpc.aws_route.private_ipv6_egress",
            "module.networking.module.vpc.aws_route.private_nat_gateway",
            "module.networking.module.vpc.aws_route.public_internet_gateway",
            "module.networking.module.vpc.aws_route.public_internet_gateway_ipv6",
            "module.networking.module.vpc.aws_route_table.database",
            "module.networking.module.vpc.aws_route_table.elasticache",
            "module.networking.module.vpc.aws_route_table.intra",
            "module.networking.module.vpc.aws_route_table.private",
            "module.networking.module.vpc.aws_route_table.public",
            "module.networking.module.vpc.aws_route_table.redshift",
            "module.networking.module.vpc.aws_route_table_association.database",
            "module.networking.module.vpc.aws_route_table_association.elasticache",
            "module.networking.module.vpc.aws_route_table_association.intra",
            "module.networking.module.vpc.aws_route_table_association.outpost",
            "module.networking.module.vpc.aws_route_table_association.private",
            "module.networking.module.vpc.aws_route_table_association.public",
            "module.networking.module.vpc.aws_route_table_association.redshift",
            "module.networking.module.vpc.aws_route_table_association.redshift_public",
            "module.networking.module.vpc.aws_subnet.database",
            "module.networking.module.vpc.aws_subnet.elasticache",
            "module.networking.module.vpc.aws_subnet.intra",
            "module.networking.module.vpc.aws_subnet.outpost",
            "module.networking.module.vpc.aws_subnet.private",
            "module.networking.module.vpc.aws_subnet.public",
            "module.networking.module.vpc.aws_subnet.redshift",
            "module.networking.module.vpc.aws_vpc.this",
            "module.networking.module.vpc.aws_vpc_dhcp_options.this",
            "module.networking.module.vpc.aws_vpc_dhcp_options_association.this",
            "module.networking.module.vpc.aws_vpc_ipv4_cidr_block_association.this",
            "module.networking.module.vpc.aws_vpn_gateway.this",
            "module.networking.module.vpc.aws_vpn_gateway_attachment.this",
            "module.networking.module.vpc.aws_vpn_gateway_route_propagation.intra",
            "module.networking.module.vpc.aws_vpn_gateway_route_propagation.private",
            "module.networking.module.vpc.aws_vpn_gateway_route_propagation.public",
            "module.networking.module.vpc.data.aws_iam_policy_document.flow_log_cloudwatch_assume_role",
            "module.networking.module.vpc.data.aws_iam_policy_document.vpc_flow_log_cloudwatch"
          ],
          "create_before_destroy": true
        }
      ]
    },
    {
      "module": "module.auto-scaling.module.iam_instance_profile",
      "mode": "data",
      "type": "aws_iam_policy_document",
      "name": "iam_policy_document",
      "provider": "provider[\"registry.terraform.io/hashicorp/aws\"]",
      "instances": [
        {
          "schema_version": 0,
          "attributes": {
            "id": "2717263653",
            "json": "{\n  \"Version\": \"2012-10-17\",\n  \"Statement\": [\n    {\n      \"Sid\": \"\",\n      \"Effect\": \"Allow\",\n      \"Action\": [\n        \"rds:*\",\n        \"logs:*\"\n      ],\n      \"Resource\": \"*\"\n    }\n  ]\n}",
            "override_json": null,
            "override_policy_documents": null,
            "policy_id": null,
            "source_json": null,
            "source_policy_documents": null,
            "statement": [
              {
                "actions": [
                  "logs:*",
                  "rds:*"
                ],
                "condition": [],
                "effect": "Allow",
                "not_actions": [],
                "not_principals": [],
                "not_resources": [],
                "principals": [],
                "resources": [
                  "*"
                ],
                "sid": ""
              }
            ],
            "version": "2012-10-17"
          },
          "sensitive_attributes": []
        }
      ]
    },
    {
      "module": "module.auto-scaling.module.iam_instance_profile",
      "mode": "managed",
      "type": "aws_iam_instance_profile",
      "name": "iam_instance_profile",
      "provider": "provider[\"registry.terraform.io/hashicorp/aws\"]",
      "instances": [
        {
          "schema_version": 0,
          "attributes": {
            "arn": "arn:aws:iam::373986434526:instance-profile/terraform-20220824070951545700000003",
            "create_date": "2022-08-24T07:09:51Z",
            "id": "terraform-20220824070951545700000003",
            "name": "terraform-20220824070951545700000003",
            "name_prefix": null,
            "path": "/",
            "role": "terraform-20220824070948134600000001",
            "tags": {},
            "tags_all": {},
            "unique_id": "AIPAVOE2UDXPDGURP7BD3"
          },
          "sensitive_attributes": [],
          "private": "bnVsbA==",
          "dependencies": [
            "module.auto-scaling.module.iam_instance_profile.aws_iam_role.iam_role"
          ]
        }
      ]
    },
    {
      "module": "module.auto-scaling.module.iam_instance_profile",
      "mode": "managed",
      "type": "aws_iam_role",
      "name": "iam_role",
      "provider": "provider[\"registry.terraform.io/hashicorp/aws\"]",
      "instances": [
        {
          "schema_version": 0,
          "attributes": {
            "arn": "arn:aws:iam::373986434526:role/terraform-20220824070948134600000001",
            "assume_role_policy": "{\"Statement\":[{\"Action\":\"sts:AssumeRole\",\"Effect\":\"Allow\",\"Principal\":{\"Service\":\"ec2.amazonaws.com\"}}],\"Version\":\"2012-10-17\"}",
            "create_date": "2022-08-24T07:09:49Z",
            "description": "",
            "force_detach_policies": false,
            "id": "terraform-20220824070948134600000001",
            "inline_policy": [
              {
                "name": "terraform-20220824070951545400000002",
                "policy": "{\n  \"Version\": \"2012-10-17\",\n  \"Statement\": [\n    {\n      \"Sid\": \"\",\n      \"Effect\": \"Allow\",\n      \"Action\": [\n        \"rds:*\",\n        \"logs:*\"\n      ],\n      \"Resource\": \"*\"\n    }\n  ]\n}"
              }
            ],
            "managed_policy_arns": [],
            "max_session_duration": 3600,
            "name": "terraform-20220824070948134600000001",
            "name_prefix": "terraform-",
            "path": "/",
            "permissions_boundary": null,
            "tags": {},
            "tags_all": {},
            "unique_id": "AROAVOE2UDXPE3TJDZVDF"
          },
          "sensitive_attributes": [],
          "private": "bnVsbA=="
        }
      ]
    },
    {
      "module": "module.auto-scaling.module.iam_instance_profile",
      "mode": "managed",
      "type": "aws_iam_role_policy",
      "name": "iam_role_policy",
      "provider": "provider[\"registry.terraform.io/hashicorp/aws\"]",
      "instances": [
        {
          "schema_version": 0,
          "attributes": {
            "id": "terraform-20220824070948134600000001:terraform-20220824070951545400000002",
            "name": "terraform-20220824070951545400000002",
            "name_prefix": null,
            "policy": "{\n  \"Version\": \"2012-10-17\",\n  \"Statement\": [\n    {\n      \"Sid\": \"\",\n      \"Effect\": \"Allow\",\n      \"Action\": [\n        \"rds:*\",\n        \"logs:*\"\n      ],\n      \"Resource\": \"*\"\n    }\n  ]\n}",
            "role": "terraform-20220824070948134600000001"
          },
          "sensitive_attributes": [],
          "private": "bnVsbA==",
          "dependencies": [
            "module.auto-scaling.module.iam_instance_profile.aws_iam_role.iam_role",
            "module.auto-scaling.module.iam_instance_profile.data.aws_iam_policy_document.iam_policy_document"
          ]
        }
      ]
    },
    {
      "module": "module.database",
      "mode": "managed",
      "type": "aws_db_instance",
      "name": "database",
      "provider": "provider[\"registry.terraform.io/hashicorp/aws\"]",
      "instances": [
        {
          "schema_version": 1,
          "attributes": {
            "address": "terraform-lesson4-db-instance.ceaiclfkczxy.us-west-2.rds.amazonaws.com",
            "allocated_storage": 20,
            "allow_major_version_upgrade": null,
            "apply_immediately": null,
            "arn": "arn:aws:rds:us-west-2:373986434526:db:terraform-lesson4-db-instance",
            "auto_minor_version_upgrade": true,
            "availability_zone": "us-west-2a",
            "backup_retention_period": 0,
            "backup_window": "06:40-07:10",
            "ca_cert_identifier": "rds-ca-2019",
            "character_set_name": "",
            "copy_tags_to_snapshot": false,
            "customer_owned_ip_enabled": false,
            "db_name": "db_name",
            "db_subnet_group_name": "terraform-lesson4-vpc",
            "delete_automated_backups": true,
            "deletion_protection": false,
            "domain": "",
            "domain_iam_role_name": "",
            "enabled_cloudwatch_logs_exports": null,
            "endpoint": "terraform-lesson4-db-instance.ceaiclfkczxy.us-west-2.rds.amazonaws.com:5432",
            "engine": "postgres",
            "engine_version": "12.7",
            "engine_version_actual": "12.7",
            "final_snapshot_identifier": null,
            "hosted_zone_id": "Z1PVIF0B656C1W",
            "iam_database_authentication_enabled": false,
            "id": "terraform-lesson4-db-instance",
            "identifier": "terraform-lesson4-db-instance",
            "identifier_prefix": "",
            "instance_class": "db.t2.micro",
            "iops": 0,
            "kms_key_id": "",
            "latest_restorable_time": "",
            "license_model": "postgresql-license",
            "maintenance_window": "fri:09:30-fri:10:00",
            "max_allocated_storage": 0,
            "monitoring_interval": 0,
            "monitoring_role_arn": "",
            "multi_az": false,
            "name": "db_name",
            "nchar_character_set_name": "",
            "option_group_name": "default:postgres-12",
            "parameter_group_name": "default.postgres12",
            "password": "6I2*1EJVz51zgVE\u0026",
            "performance_insights_enabled": false,
            "performance_insights_kms_key_id": "",
            "performance_insights_retention_period": 0,
            "port": 5432,
            "publicly_accessible": false,
            "replica_mode": "",
            "replicas": [],
            "replicate_source_db": "",
            "resource_id": "db-Q6DL4FALZQZ7M5M6YY4FFWCFSE",
            "restore_to_point_in_time": [],
            "s3_import": [],
            "security_group_names": null,
            "skip_final_snapshot": true,
            "snapshot_identifier": null,
            "status": "available",
            "storage_encrypted": false,
            "storage_type": "gp2",
            "tags": null,
            "tags_all": {},
            "timeouts": null,
            "timezone": "",
            "username": "vantu",
            "vpc_security_group_ids": [
              "sg-01aba1ed142e18f61"
            ]
          },
          "sensitive_attributes": [
            [
              {
                "type": "get_attr",
                "value": "password"
              }
            ]
          ],
          "private": "eyJlMmJmYjczMC1lY2FhLTExZTYtOGY4OC0zNDM2M2JjN2M0YzAiOnsiY3JlYXRlIjoyNDAwMDAwMDAwMDAwLCJkZWxldGUiOjM2MDAwMDAwMDAwMDAsInVwZGF0ZSI6NDgwMDAwMDAwMDAwMH0sInNjaGVtYV92ZXJzaW9uIjoiMSJ9",
          "dependencies": [
            "module.database.random_password.password",
            "module.networking.data.aws_availability_zones.available",
            "module.networking.module.db_sg.aws_security_group.security_group",
            "module.networking.module.lb_sg.aws_security_group.security_group",
            "module.networking.module.vpc.aws_cloudwatch_log_group.flow_log",
            "module.networking.module.vpc.aws_customer_gateway.this",
            "module.networking.module.vpc.aws_db_subnet_group.database",
            "module.networking.module.vpc.aws_default_network_acl.this",
            "module.networking.module.vpc.aws_default_route_table.default",
            "module.networking.module.vpc.aws_default_security_group.this",
            "module.networking.module.vpc.aws_default_vpc.this",
            "module.networking.module.vpc.aws_egress_only_internet_gateway.this",
            "module.networking.module.vpc.aws_eip.nat",
            "module.networking.module.vpc.aws_elasticache_subnet_group.elasticache",
            "module.networking.module.vpc.aws_flow_log.this",
            "module.networking.module.vpc.aws_iam_policy.vpc_flow_log_cloudwatch",
            "module.networking.module.vpc.aws_iam_role.vpc_flow_log_cloudwatch",
            "module.networking.module.vpc.aws_iam_role_policy_attachment.vpc_flow_log_cloudwatch",
            "module.networking.module.vpc.aws_internet_gateway.this",
            "module.networking.module.vpc.aws_nat_gateway.this",
            "module.networking.module.vpc.aws_network_acl.database",
            "module.networking.module.vpc.aws_network_acl.elasticache",
            "module.networking.module.vpc.aws_network_acl.intra",
            "module.networking.module.vpc.aws_network_acl.outpost",
            "module.networking.module.vpc.aws_network_acl.private",
            "module.networking.module.vpc.aws_network_acl.public",
            "module.networking.module.vpc.aws_network_acl.redshift",
            "module.networking.module.vpc.aws_network_acl_rule.database_inbound",
            "module.networking.module.vpc.aws_network_acl_rule.database_outbound",
            "module.networking.module.vpc.aws_network_acl_rule.elasticache_inbound",
            "module.networking.module.vpc.aws_network_acl_rule.elasticache_outbound",
            "module.networking.module.vpc.aws_network_acl_rule.intra_inbound",
            "module.networking.module.vpc.aws_network_acl_rule.intra_outbound",
            "module.networking.module.vpc.aws_network_acl_rule.outpost_inbound",
            "module.networking.module.vpc.aws_network_acl_rule.outpost_outbound",
            "module.networking.module.vpc.aws_network_acl_rule.private_inbound",
            "module.networking.module.vpc.aws_network_acl_rule.private_outbound",
            "module.networking.module.vpc.aws_network_acl_rule.public_inbound",
            "module.networking.module.vpc.aws_network_acl_rule.public_outbound",
            "module.networking.module.vpc.aws_network_acl_rule.redshift_inbound",
            "module.networking.module.vpc.aws_network_acl_rule.redshift_outbound",
            "module.networking.module.vpc.aws_redshift_subnet_group.redshift",
            "module.networking.module.vpc.aws_route.database_internet_gateway",
            "module.networking.module.vpc.aws_route.database_ipv6_egress",
            "module.networking.module.vpc.aws_route.database_nat_gateway",
            "module.networking.module.vpc.aws_route.private_ipv6_egress",
            "module.networking.module.vpc.aws_route.private_nat_gateway",
            "module.networking.module.vpc.aws_route.public_internet_gateway",
            "module.networking.module.vpc.aws_route.public_internet_gateway_ipv6",
            "module.networking.module.vpc.aws_route_table.database",
            "module.networking.module.vpc.aws_route_table.elasticache",
            "module.networking.module.vpc.aws_route_table.intra",
            "module.networking.module.vpc.aws_route_table.private",
            "module.networking.module.vpc.aws_route_table.public",
            "module.networking.module.vpc.aws_route_table.redshift",
            "module.networking.module.vpc.aws_route_table_association.database",
            "module.networking.module.vpc.aws_route_table_association.elasticache",
            "module.networking.module.vpc.aws_route_table_association.intra",
            "module.networking.module.vpc.aws_route_table_association.outpost",
            "module.networking.module.vpc.aws_route_table_association.private",
            "module.networking.module.vpc.aws_route_table_association.public",
            "module.networking.module.vpc.aws_route_table_association.redshift",
            "module.networking.module.vpc.aws_route_table_association.redshift_public",
            "module.networking.module.vpc.aws_subnet.database",
            "module.networking.module.vpc.aws_subnet.elasticache",
            "module.networking.module.vpc.aws_subnet.intra",
            "module.networking.module.vpc.aws_subnet.outpost",
            "module.networking.module.vpc.aws_subnet.private",
            "module.networking.module.vpc.aws_subnet.public",
            "module.networking.module.vpc.aws_subnet.redshift",
            "module.networking.module.vpc.aws_vpc.this",
            "module.networking.module.vpc.aws_vpc_dhcp_options.this",
            "module.networking.module.vpc.aws_vpc_dhcp_options_association.this",
            "module.networking.module.vpc.aws_vpc_ipv4_cidr_block_association.this",
            "module.networking.module.vpc.aws_vpn_gateway.this",
            "module.networking.module.vpc.aws_vpn_gateway_attachment.this",
            "module.networking.module.vpc.aws_vpn_gateway_route_propagation.intra",
            "module.networking.module.vpc.aws_vpn_gateway_route_propagation.private",
            "module.networking.module.vpc.aws_vpn_gateway_route_propagation.public",
            "module.networking.module.vpc.data.aws_iam_policy_document.flow_log_cloudwatch_assume_role",
            "module.networking.module.vpc.data.aws_iam_policy_document.vpc_flow_log_cloudwatch",
            "module.networking.module.web_sg.aws_security_group.security_group"
          ]
        }
      ]
    },
    {
      "module": "module.database",
      "mode": "managed",
      "type": "random_password",
      "name": "password",
      "provider": "provider[\"registry.terraform.io/hashicorp/random\"]",
      "instances": [
        {
          "schema_version": 2,
          "attributes": {
            "bcrypt_hash": "$2a$10$hc9cNHc8Dovp1OQOcpLe6uzcAUiKLBSib.8DMZRnN.kB9q05tpO3S",
            "id": "none",
            "keepers": null,
            "length": 16,
            "lower": true,
            "min_lower": 0,
            "min_numeric": 0,
            "min_special": 0,
            "min_upper": 0,
            "number": true,
            "numeric": true,
            "override_special": null,
            "result": "6I2*1EJVz51zgVE\u0026",
            "special": true,
            "upper": true
          },
          "sensitive_attributes": [],
          "private": "eyJzY2hlbWFfdmVyc2lvbiI6IjIifQ=="
        }
      ]
    },
    {
      "module": "module.networking",
      "mode": "data",
      "type": "aws_availability_zones",
      "name": "available",
      "provider": "provider[\"registry.terraform.io/hashicorp/aws\"]",
      "instances": [
        {
          "schema_version": 0,
          "attributes": {
            "all_availability_zones": null,
            "exclude_names": null,
            "exclude_zone_ids": null,
            "filter": null,
            "group_names": [
              "us-west-2"
            ],
            "id": "us-west-2",
            "names": [
              "us-west-2a",
              "us-west-2b",
              "us-west-2c",
              "us-west-2d"
            ],
            "state": null,
            "timeouts": null,
            "zone_ids": [
              "usw2-az1",
              "usw2-az2",
              "usw2-az3",
              "usw2-az4"
            ]
          },
          "sensitive_attributes": []
        }
      ]
    },
    {
      "module": "module.networking.module.db_sg",
      "mode": "managed",
      "type": "aws_security_group",
      "name": "security_group",
      "provider": "provider[\"registry.terraform.io/hashicorp/aws\"]",
      "instances": [
        {
          "schema_version": 1,
          "attributes": {
            "arn": "arn:aws:ec2:us-west-2:373986434526:security-group/sg-01aba1ed142e18f61",
            "description": "Managed by Terraform",
            "egress": [
              {
                "cidr_blocks": [
                  "0.0.0.0/0"
                ],
                "description": "",
                "from_port": 0,
                "ipv6_cidr_blocks": [],
                "prefix_list_ids": [],
                "protocol": "-1",
                "security_groups": [],
                "self": false,
                "to_port": 0
              }
            ],
            "id": "sg-01aba1ed142e18f61",
            "ingress": [
              {
                "cidr_blocks": [],
                "description": "",
                "from_port": 0,
                "ipv6_cidr_blocks": [],
                "prefix_list_ids": [],
                "protocol": "-1",
                "security_groups": [],
                "self": true,
                "to_port": 0
              },
              {
                "cidr_blocks": [],
                "description": "",
                "from_port": 5432,
                "ipv6_cidr_blocks": [],
                "prefix_list_ids": [],
                "protocol": "tcp",
                "security_groups": [
                  "sg-05719dc6f464c7373"
                ],
                "self": false,
                "to_port": 5432
              }
            ],
            "name": "terraform-20220824071004172100000006",
            "name_prefix": "terraform-",
            "owner_id": "373986434526",
            "revoke_rules_on_delete": false,
            "tags": {},
            "tags_all": {},
            "timeouts": null,
            "vpc_id": "vpc-0a0fb33af917dd708"
          },
          "sensitive_attributes": [],
          "private": "eyJlMmJmYjczMC1lY2FhLTExZTYtOGY4OC0zNDM2M2JjN2M0YzAiOnsiY3JlYXRlIjo2MDAwMDAwMDAwMDAsImRlbGV0ZSI6OTAwMDAwMDAwMDAwfSwic2NoZW1hX3ZlcnNpb24iOiIxIn0=",
          "dependencies": [
            "module.networking.module.lb_sg.aws_security_group.security_group",
            "module.networking.module.vpc.aws_vpc.this",
            "module.networking.module.web_sg.aws_security_group.security_group"
          ]
        }
      ]
    },
    {
      "module": "module.networking.module.lb_sg",
      "mode": "managed",
      "type": "aws_security_group",
      "name": "security_group",
      "provider": "provider[\"registry.terraform.io/hashicorp/aws\"]",
      "instances": [
        {
          "schema_version": 1,
          "attributes": {
            "arn": "arn:aws:ec2:us-west-2:373986434526:security-group/sg-083863acca98d43d1",
            "description": "Managed by Terraform",
            "egress": [
              {
                "cidr_blocks": [
                  "0.0.0.0/0"
                ],
                "description": "",
                "from_port": 0,
                "ipv6_cidr_blocks": [],
                "prefix_list_ids": [],
                "protocol": "-1",
                "security_groups": [],
                "self": false,
                "to_port": 0
              }
            ],
            "id": "sg-083863acca98d43d1",
            "ingress": [
              {
                "cidr_blocks": [
                  "0.0.0.0/0"
                ],
                "description": "",
                "from_port": 80,
                "ipv6_cidr_blocks": [],
                "prefix_list_ids": [],
                "protocol": "tcp",
                "security_groups": [],
                "self": false,
                "to_port": 80
              },
              {
                "cidr_blocks": [],
                "description": "",
                "from_port": 0,
                "ipv6_cidr_blocks": [],
                "prefix_list_ids": [],
                "protocol": "-1",
                "security_groups": [],
                "self": true,
                "to_port": 0
              }
            ],
            "name": "terraform-20220824070954017100000004",
            "name_prefix": "terraform-",
            "owner_id": "373986434526",
            "revoke_rules_on_delete": false,
            "tags": {},
            "tags_all": {},
            "timeouts": null,
            "vpc_id": "vpc-0a0fb33af917dd708"
          },
          "sensitive_attributes": [],
          "private": "eyJlMmJmYjczMC1lY2FhLTExZTYtOGY4OC0zNDM2M2JjN2M0YzAiOnsiY3JlYXRlIjo2MDAwMDAwMDAwMDAsImRlbGV0ZSI6OTAwMDAwMDAwMDAwfSwic2NoZW1hX3ZlcnNpb24iOiIxIn0=",
          "dependencies": [
            "module.networking.module.vpc.aws_vpc.this"
          ]
        }
      ]
    },
    {
      "module": "module.networking.module.vpc",
      "mode": "managed",
      "type": "aws_db_subnet_group",
      "name": "database",
      "provider": "provider[\"registry.terraform.io/hashicorp/aws\"]",
      "instances": [
        {
          "index_key": 0,
          "schema_version": 0,
          "attributes": {
            "arn": "arn:aws:rds:us-west-2:373986434526:subgrp:terraform-lesson4-vpc",
            "description": "Database subnet group for terraform-lesson4-vpc",
            "id": "terraform-lesson4-vpc",
            "name": "terraform-lesson4-vpc",
            "name_prefix": null,
            "subnet_ids": [
              "subnet-028008794d43e2fe6",
              "subnet-04f0527d6c6a2f609",
              "subnet-0b94c36ca1cf48a43"
            ],
            "tags": {
              "Name": "terraform-lesson4-vpc"
            },
            "tags_all": {
              "Name": "terraform-lesson4-vpc"
            }
          },
          "sensitive_attributes": [],
          "private": "bnVsbA==",
          "dependencies": [
            "module.networking.data.aws_availability_zones.available",
            "module.networking.module.vpc.aws_subnet.database",
            "module.networking.module.vpc.aws_vpc.this",
            "module.networking.module.vpc.aws_vpc_ipv4_cidr_block_association.this"
          ],
          "create_before_destroy": true
        }
      ]
    },
    {
      "module": "module.networking.module.vpc",
      "mode": "managed",
      "type": "aws_eip",
      "name": "nat",
      "provider": "provider[\"registry.terraform.io/hashicorp/aws\"]",
      "instances": [
        {
          "index_key": 0,
          "schema_version": 0,
          "attributes": {
            "address": null,
            "allocation_id": "eipalloc-0a83da3917ad28e83",
            "associate_with_private_ip": null,
            "association_id": "eipassoc-0c255ecc54db84309",
            "carrier_ip": "",
            "customer_owned_ip": "",
            "customer_owned_ipv4_pool": "",
            "domain": "vpc",
            "id": "eipalloc-0a83da3917ad28e83",
            "instance": "",
            "network_border_group": "us-west-2",
            "network_interface": "eni-0905c4649593c5bae",
            "private_dns": "ip-10-0-4-47.us-west-2.compute.internal",
            "private_ip": "10.0.4.47",
            "public_dns": "ec2-54-185-34-191.us-west-2.compute.amazonaws.com",
            "public_ip": "54.185.34.191",
            "public_ipv4_pool": "amazon",
            "tags": {
              "Name": "terraform-lesson4-vpc-us-west-2a"
            },
            "tags_all": {
              "Name": "terraform-lesson4-vpc-us-west-2a"
            },
            "timeouts": null,
            "vpc": true
          },
          "sensitive_attributes": [],
          "private": "eyJlMmJmYjczMC1lY2FhLTExZTYtOGY4OC0zNDM2M2JjN2M0YzAiOnsiZGVsZXRlIjoxODAwMDAwMDAwMDAsInJlYWQiOjkwMDAwMDAwMDAwMCwidXBkYXRlIjozMDAwMDAwMDAwMDB9fQ==",
          "dependencies": [
            "module.networking.data.aws_availability_zones.available"
          ],
          "create_before_destroy": true
        }
      ]
    },
    {
      "module": "module.networking.module.vpc",
      "mode": "managed",
      "type": "aws_internet_gateway",
      "name": "this",
      "provider": "provider[\"registry.terraform.io/hashicorp/aws\"]",
      "instances": [
        {
          "index_key": 0,
          "schema_version": 0,
          "attributes": {
            "arn": "arn:aws:ec2:us-west-2:373986434526:internet-gateway/igw-0608a43868d9a9e0d",
            "id": "igw-0608a43868d9a9e0d",
            "owner_id": "373986434526",
            "tags": {
              "Name": "terraform-lesson4-vpc"
            },
            "tags_all": {
              "Name": "terraform-lesson4-vpc"
            },
            "timeouts": null,
            "vpc_id": "vpc-0a0fb33af917dd708"
          },
          "sensitive_attributes": [],
          "private": "eyJlMmJmYjczMC1lY2FhLTExZTYtOGY4OC0zNDM2M2JjN2M0YzAiOnsiY3JlYXRlIjoxMjAwMDAwMDAwMDAwLCJkZWxldGUiOjEyMDAwMDAwMDAwMDAsInVwZGF0ZSI6MTIwMDAwMDAwMDAwMH19",
          "dependencies": [
            "module.networking.module.vpc.aws_vpc.this",
            "module.networking.module.vpc.aws_vpc_ipv4_cidr_block_association.this"
          ],
          "create_before_destroy": true
        }
      ]
    },
    {
      "module": "module.networking.module.vpc",
      "mode": "managed",
      "type": "aws_nat_gateway",
      "name": "this",
      "provider": "provider[\"registry.terraform.io/hashicorp/aws\"]",
      "instances": [
        {
          "index_key": 0,
          "schema_version": 0,
          "attributes": {
            "allocation_id": "eipalloc-0a83da3917ad28e83",
            "connectivity_type": "public",
            "id": "nat-0f022dffdcf3d9c2d",
            "network_interface_id": "eni-0905c4649593c5bae",
            "private_ip": "10.0.4.47",
            "public_ip": "54.185.34.191",
            "subnet_id": "subnet-0abffeced293b30e2",
            "tags": {
              "Name": "terraform-lesson4-vpc-us-west-2a"
            },
            "tags_all": {
              "Name": "terraform-lesson4-vpc-us-west-2a"
            }
          },
          "sensitive_attributes": [],
          "private": "bnVsbA==",
          "dependencies": [
            "module.networking.data.aws_availability_zones.available",
            "module.networking.module.vpc.aws_eip.nat",
            "module.networking.module.vpc.aws_internet_gateway.this",
            "module.networking.module.vpc.aws_subnet.public",
            "module.networking.module.vpc.aws_vpc.this",
            "module.networking.module.vpc.aws_vpc_ipv4_cidr_block_association.this"
          ],
          "create_before_destroy": true
        }
      ]
    },
    {
      "module": "module.networking.module.vpc",
      "mode": "managed",
      "type": "aws_route",
      "name": "private_nat_gateway",
      "provider": "provider[\"registry.terraform.io/hashicorp/aws\"]",
      "instances": [
        {
          "index_key": 0,
          "schema_version": 0,
          "attributes": {
            "carrier_gateway_id": "",
            "core_network_arn": "",
            "destination_cidr_block": "0.0.0.0/0",
            "destination_ipv6_cidr_block": "",
            "destination_prefix_list_id": "",
            "egress_only_gateway_id": "",
            "gateway_id": "",
            "id": "r-rtb-0f3a7b906e299cc3d1080289494",
            "instance_id": "",
            "instance_owner_id": "",
            "local_gateway_id": "",
            "nat_gateway_id": "nat-0f022dffdcf3d9c2d",
            "network_interface_id": "",
            "origin": "CreateRoute",
            "route_table_id": "rtb-0f3a7b906e299cc3d",
            "state": "active",
            "timeouts": {
              "create": "5m",
              "delete": null,
              "update": null
            },
            "transit_gateway_id": "",
            "vpc_endpoint_id": "",
            "vpc_peering_connection_id": ""
          },
          "sensitive_attributes": [],
          "private": "eyJlMmJmYjczMC1lY2FhLTExZTYtOGY4OC0zNDM2M2JjN2M0YzAiOnsiY3JlYXRlIjozMDAwMDAwMDAwMDAsImRlbGV0ZSI6MzAwMDAwMDAwMDAwLCJ1cGRhdGUiOjEyMDAwMDAwMDAwMH19",
          "dependencies": [
            "module.networking.data.aws_availability_zones.available",
            "module.networking.module.vpc.aws_eip.nat",
            "module.networking.module.vpc.aws_internet_gateway.this",
            "module.networking.module.vpc.aws_nat_gateway.this",
            "module.networking.module.vpc.aws_route_table.private",
            "module.networking.module.vpc.aws_subnet.public",
            "module.networking.module.vpc.aws_vpc.this",
            "module.networking.module.vpc.aws_vpc_ipv4_cidr_block_association.this"
          ],
          "create_before_destroy": true
        }
      ]
    },
    {
      "module": "module.networking.module.vpc",
      "mode": "managed",
      "type": "aws_route",
      "name": "public_internet_gateway",
      "provider": "provider[\"registry.terraform.io/hashicorp/aws\"]",
      "instances": [
        {
          "index_key": 0,
          "schema_version": 0,
          "attributes": {
            "carrier_gateway_id": "",
            "core_network_arn": "",
            "destination_cidr_block": "0.0.0.0/0",
            "destination_ipv6_cidr_block": "",
            "destination_prefix_list_id": "",
            "egress_only_gateway_id": "",
            "gateway_id": "igw-0608a43868d9a9e0d",
            "id": "r-rtb-0025a56ff6a61c7231080289494",
            "instance_id": "",
            "instance_owner_id": "",
            "local_gateway_id": "",
            "nat_gateway_id": "",
            "network_interface_id": "",
            "origin": "CreateRoute",
            "route_table_id": "rtb-0025a56ff6a61c723",
            "state": "active",
            "timeouts": {
              "create": "5m",
              "delete": null,
              "update": null
            },
            "transit_gateway_id": "",
            "vpc_endpoint_id": "",
            "vpc_peering_connection_id": ""
          },
          "sensitive_attributes": [],
          "private": "eyJlMmJmYjczMC1lY2FhLTExZTYtOGY4OC0zNDM2M2JjN2M0YzAiOnsiY3JlYXRlIjozMDAwMDAwMDAwMDAsImRlbGV0ZSI6MzAwMDAwMDAwMDAwLCJ1cGRhdGUiOjEyMDAwMDAwMDAwMH19",
          "dependencies": [
            "module.networking.module.vpc.aws_internet_gateway.this",
            "module.networking.module.vpc.aws_route_table.public",
            "module.networking.module.vpc.aws_vpc.this",
            "module.networking.module.vpc.aws_vpc_ipv4_cidr_block_association.this"
          ],
          "create_before_destroy": true
        }
      ]
    },
    {
      "module": "module.networking.module.vpc",
      "mode": "managed",
      "type": "aws_route_table",
      "name": "private",
      "provider": "provider[\"registry.terraform.io/hashicorp/aws\"]",
      "instances": [
        {
          "index_key": 0,
          "schema_version": 0,
          "attributes": {
            "arn": "arn:aws:ec2:us-west-2:373986434526:route-table/rtb-0f3a7b906e299cc3d",
            "id": "rtb-0f3a7b906e299cc3d",
            "owner_id": "373986434526",
            "propagating_vgws": [],
            "route": [
              {
                "carrier_gateway_id": "",
                "cidr_block": "0.0.0.0/0",
                "core_network_arn": "",
                "destination_prefix_list_id": "",
                "egress_only_gateway_id": "",
                "gateway_id": "",
                "instance_id": "",
                "ipv6_cidr_block": "",
                "local_gateway_id": "",
                "nat_gateway_id": "nat-0f022dffdcf3d9c2d",
                "network_interface_id": "",
                "transit_gateway_id": "",
                "vpc_endpoint_id": "",
                "vpc_peering_connection_id": ""
              }
            ],
            "tags": {
              "Name": "terraform-lesson4-vpc-private"
            },
            "tags_all": {
              "Name": "terraform-lesson4-vpc-private"
            },
            "timeouts": null,
            "vpc_id": "vpc-0a0fb33af917dd708"
          },
          "sensitive_attributes": [],
          "private": "eyJlMmJmYjczMC1lY2FhLTExZTYtOGY4OC0zNDM2M2JjN2M0YzAiOnsiY3JlYXRlIjozMDAwMDAwMDAwMDAsImRlbGV0ZSI6MzAwMDAwMDAwMDAwLCJ1cGRhdGUiOjEyMDAwMDAwMDAwMH19",
          "dependencies": [
            "module.networking.data.aws_availability_zones.available",
            "module.networking.module.vpc.aws_vpc.this",
            "module.networking.module.vpc.aws_vpc_ipv4_cidr_block_association.this"
          ],
          "create_before_destroy": true
        }
      ]
    },
    {
      "module": "module.networking.module.vpc",
      "mode": "managed",
      "type": "aws_route_table",
      "name": "public",
      "provider": "provider[\"registry.terraform.io/hashicorp/aws\"]",
      "instances": [
        {
          "index_key": 0,
          "schema_version": 0,
          "attributes": {
            "arn": "arn:aws:ec2:us-west-2:373986434526:route-table/rtb-0025a56ff6a61c723",
            "id": "rtb-0025a56ff6a61c723",
            "owner_id": "373986434526",
            "propagating_vgws": [],
            "route": [
              {
                "carrier_gateway_id": "",
                "cidr_block": "0.0.0.0/0",
                "core_network_arn": "",
                "destination_prefix_list_id": "",
                "egress_only_gateway_id": "",
                "gateway_id": "igw-0608a43868d9a9e0d",
                "instance_id": "",
                "ipv6_cidr_block": "",
                "local_gateway_id": "",
                "nat_gateway_id": "",
                "network_interface_id": "",
                "transit_gateway_id": "",
                "vpc_endpoint_id": "",
                "vpc_peering_connection_id": ""
              }
            ],
            "tags": {
              "Name": "terraform-lesson4-vpc-public"
            },
            "tags_all": {
              "Name": "terraform-lesson4-vpc-public"
            },
            "timeouts": null,
            "vpc_id": "vpc-0a0fb33af917dd708"
          },
          "sensitive_attributes": [],
          "private": "eyJlMmJmYjczMC1lY2FhLTExZTYtOGY4OC0zNDM2M2JjN2M0YzAiOnsiY3JlYXRlIjozMDAwMDAwMDAwMDAsImRlbGV0ZSI6MzAwMDAwMDAwMDAwLCJ1cGRhdGUiOjEyMDAwMDAwMDAwMH19",
          "dependencies": [
            "module.networking.module.vpc.aws_vpc.this",
            "module.networking.module.vpc.aws_vpc_ipv4_cidr_block_association.this"
          ],
          "create_before_destroy": true
        }
      ]
    },
    {
      "module": "module.networking.module.vpc",
      "mode": "managed",
      "type": "aws_route_table_association",
      "name": "database",
      "provider": "provider[\"registry.terraform.io/hashicorp/aws\"]",
      "instances": [
        {
          "index_key": 0,
          "schema_version": 0,
          "attributes": {
            "gateway_id": "",
            "id": "rtbassoc-0a18ac28b808a0181",
            "route_table_id": "rtb-0f3a7b906e299cc3d",
            "subnet_id": "subnet-028008794d43e2fe6"
          },
          "sensitive_attributes": [],
          "private": "bnVsbA==",
          "dependencies": [
            "module.networking.data.aws_availability_zones.available",
            "module.networking.module.vpc.aws_route_table.database",
            "module.networking.module.vpc.aws_route_table.private",
            "module.networking.module.vpc.aws_subnet.database",
            "module.networking.module.vpc.aws_vpc.this",
            "module.networking.module.vpc.aws_vpc_ipv4_cidr_block_association.this"
          ],
          "create_before_destroy": true
        },
        {
          "index_key": 1,
          "schema_version": 0,
          "attributes": {
            "gateway_id": "",
            "id": "rtbassoc-004d541c602163ff9",
            "route_table_id": "rtb-0f3a7b906e299cc3d",
            "subnet_id": "subnet-04f0527d6c6a2f609"
          },
          "sensitive_attributes": [],
          "private": "bnVsbA==",
          "dependencies": [
            "module.networking.data.aws_availability_zones.available",
            "module.networking.module.vpc.aws_route_table.database",
            "module.networking.module.vpc.aws_route_table.private",
            "module.networking.module.vpc.aws_subnet.database",
            "module.networking.module.vpc.aws_vpc.this",
            "module.networking.module.vpc.aws_vpc_ipv4_cidr_block_association.this"
          ],
          "create_before_destroy": true
        },
        {
          "index_key": 2,
          "schema_version": 0,
          "attributes": {
            "gateway_id": "",
            "id": "rtbassoc-000d2447cfb337e4c",
            "route_table_id": "rtb-0f3a7b906e299cc3d",
            "subnet_id": "subnet-0b94c36ca1cf48a43"
          },
          "sensitive_attributes": [],
          "private": "bnVsbA==",
          "dependencies": [
            "module.networking.data.aws_availability_zones.available",
            "module.networking.module.vpc.aws_route_table.database",
            "module.networking.module.vpc.aws_route_table.private",
            "module.networking.module.vpc.aws_subnet.database",
            "module.networking.module.vpc.aws_vpc.this",
            "module.networking.module.vpc.aws_vpc_ipv4_cidr_block_association.this"
          ],
          "create_before_destroy": true
        }
      ]
    },
    {
      "module": "module.networking.module.vpc",
      "mode": "managed",
      "type": "aws_route_table_association",
      "name": "private",
      "provider": "provider[\"registry.terraform.io/hashicorp/aws\"]",
      "instances": [
        {
          "index_key": 0,
          "schema_version": 0,
          "attributes": {
            "gateway_id": "",
            "id": "rtbassoc-00f588dcb06c690e1",
            "route_table_id": "rtb-0f3a7b906e299cc3d",
            "subnet_id": "subnet-03aefa7333acea51d"
          },
          "sensitive_attributes": [],
          "private": "bnVsbA==",
          "dependencies": [
            "module.networking.data.aws_availability_zones.available",
            "module.networking.module.vpc.aws_route_table.private",
            "module.networking.module.vpc.aws_subnet.private",
            "module.networking.module.vpc.aws_vpc.this",
            "module.networking.module.vpc.aws_vpc_ipv4_cidr_block_association.this"
          ],
          "create_before_destroy": true
        },
        {
          "index_key": 1,
          "schema_version": 0,
          "attributes": {
            "gateway_id": "",
            "id": "rtbassoc-0f7845470bdeab49d",
            "route_table_id": "rtb-0f3a7b906e299cc3d",
            "subnet_id": "subnet-0ccfae29c73d21549"
          },
          "sensitive_attributes": [],
          "private": "bnVsbA==",
          "dependencies": [
            "module.networking.data.aws_availability_zones.available",
            "module.networking.module.vpc.aws_route_table.private",
            "module.networking.module.vpc.aws_subnet.private",
            "module.networking.module.vpc.aws_vpc.this",
            "module.networking.module.vpc.aws_vpc_ipv4_cidr_block_association.this"
          ],
          "create_before_destroy": true
        },
        {
          "index_key": 2,
          "schema_version": 0,
          "attributes": {
            "gateway_id": "",
            "id": "rtbassoc-09f791a979410a550",
            "route_table_id": "rtb-0f3a7b906e299cc3d",
            "subnet_id": "subnet-0838c8c6b38f79719"
          },
          "sensitive_attributes": [],
          "private": "bnVsbA==",
          "dependencies": [
            "module.networking.data.aws_availability_zones.available",
            "module.networking.module.vpc.aws_route_table.private",
            "module.networking.module.vpc.aws_subnet.private",
            "module.networking.module.vpc.aws_vpc.this",
            "module.networking.module.vpc.aws_vpc_ipv4_cidr_block_association.this"
          ],
          "create_before_destroy": true
        }
      ]
    },
    {
      "module": "module.networking.module.vpc",
      "mode": "managed",
      "type": "aws_route_table_association",
      "name": "public",
      "provider": "provider[\"registry.terraform.io/hashicorp/aws\"]",
      "instances": [
        {
          "index_key": 0,
          "schema_version": 0,
          "attributes": {
            "gateway_id": "",
            "id": "rtbassoc-0386bb42489ec264e",
            "route_table_id": "rtb-0025a56ff6a61c723",
            "subnet_id": "subnet-0abffeced293b30e2"
          },
          "sensitive_attributes": [],
          "private": "bnVsbA==",
          "dependencies": [
            "module.networking.data.aws_availability_zones.available",
            "module.networking.module.vpc.aws_route_table.public",
            "module.networking.module.vpc.aws_subnet.public",
            "module.networking.module.vpc.aws_vpc.this",
            "module.networking.module.vpc.aws_vpc_ipv4_cidr_block_association.this"
          ],
          "create_before_destroy": true
        },
        {
          "index_key": 1,
          "schema_version": 0,
          "attributes": {
            "gateway_id": "",
            "id": "rtbassoc-069d7067b329a0e63",
            "route_table_id": "rtb-0025a56ff6a61c723",
            "subnet_id": "subnet-09a0b5c2aab8d2427"
          },
          "sensitive_attributes": [],
          "private": "bnVsbA==",
          "dependencies": [
            "module.networking.data.aws_availability_zones.available",
            "module.networking.module.vpc.aws_route_table.public",
            "module.networking.module.vpc.aws_subnet.public",
            "module.networking.module.vpc.aws_vpc.this",
            "module.networking.module.vpc.aws_vpc_ipv4_cidr_block_association.this"
          ],
          "create_before_destroy": true
        },
        {
          "index_key": 2,
          "schema_version": 0,
          "attributes": {
            "gateway_id": "",
            "id": "rtbassoc-0511a47f2a45b0cc5",
            "route_table_id": "rtb-0025a56ff6a61c723",
            "subnet_id": "subnet-0600afac893f81b44"
          },
          "sensitive_attributes": [],
          "private": "bnVsbA==",
          "dependencies": [
            "module.networking.data.aws_availability_zones.available",
            "module.networking.module.vpc.aws_route_table.public",
            "module.networking.module.vpc.aws_subnet.public",
            "module.networking.module.vpc.aws_vpc.this",
            "module.networking.module.vpc.aws_vpc_ipv4_cidr_block_association.this"
          ],
          "create_before_destroy": true
        }
      ]
    },
    {
      "module": "module.networking.module.vpc",
      "mode": "managed",
      "type": "aws_subnet",
      "name": "database",
      "provider": "provider[\"registry.terraform.io/hashicorp/aws\"]",
      "instances": [
        {
          "index_key": 0,
          "schema_version": 1,
          "attributes": {
            "arn": "arn:aws:ec2:us-west-2:373986434526:subnet/subnet-028008794d43e2fe6",
            "assign_ipv6_address_on_creation": false,
            "availability_zone": "us-west-2a",
            "availability_zone_id": "usw2-az1",
            "cidr_block": "10.0.7.0/24",
            "customer_owned_ipv4_pool": "",
            "enable_dns64": false,
            "enable_resource_name_dns_a_record_on_launch": false,
            "enable_resource_name_dns_aaaa_record_on_launch": false,
            "id": "subnet-028008794d43e2fe6",
            "ipv6_cidr_block": "",
            "ipv6_cidr_block_association_id": "",
            "ipv6_native": false,
            "map_customer_owned_ip_on_launch": false,
            "map_public_ip_on_launch": false,
            "outpost_arn": "",
            "owner_id": "373986434526",
            "private_dns_hostname_type_on_launch": "ip-name",
            "tags": {
              "Name": "terraform-lesson4-vpc-db-us-west-2a"
            },
            "tags_all": {
              "Name": "terraform-lesson4-vpc-db-us-west-2a"
            },
            "timeouts": null,
            "vpc_id": "vpc-0a0fb33af917dd708"
          },
          "sensitive_attributes": [],
          "private": "eyJlMmJmYjczMC1lY2FhLTExZTYtOGY4OC0zNDM2M2JjN2M0YzAiOnsiY3JlYXRlIjo2MDAwMDAwMDAwMDAsImRlbGV0ZSI6MTIwMDAwMDAwMDAwMH0sInNjaGVtYV92ZXJzaW9uIjoiMSJ9",
          "dependencies": [
            "module.networking.data.aws_availability_zones.available",
            "module.networking.module.vpc.aws_vpc.this",
            "module.networking.module.vpc.aws_vpc_ipv4_cidr_block_association.this"
          ],
          "create_before_destroy": true
        },
        {
          "index_key": 1,
          "schema_version": 1,
          "attributes": {
            "arn": "arn:aws:ec2:us-west-2:373986434526:subnet/subnet-04f0527d6c6a2f609",
            "assign_ipv6_address_on_creation": false,
            "availability_zone": "us-west-2b",
            "availability_zone_id": "usw2-az2",
            "cidr_block": "10.0.8.0/24",
            "customer_owned_ipv4_pool": "",
            "enable_dns64": false,
            "enable_resource_name_dns_a_record_on_launch": false,
            "enable_resource_name_dns_aaaa_record_on_launch": false,
            "id": "subnet-04f0527d6c6a2f609",
            "ipv6_cidr_block": "",
            "ipv6_cidr_block_association_id": "",
            "ipv6_native": false,
            "map_customer_owned_ip_on_launch": false,
            "map_public_ip_on_launch": false,
            "outpost_arn": "",
            "owner_id": "373986434526",
            "private_dns_hostname_type_on_launch": "ip-name",
            "tags": {
              "Name": "terraform-lesson4-vpc-db-us-west-2b"
            },
            "tags_all": {
              "Name": "terraform-lesson4-vpc-db-us-west-2b"
            },
            "timeouts": null,
            "vpc_id": "vpc-0a0fb33af917dd708"
          },
          "sensitive_attributes": [],
          "private": "eyJlMmJmYjczMC1lY2FhLTExZTYtOGY4OC0zNDM2M2JjN2M0YzAiOnsiY3JlYXRlIjo2MDAwMDAwMDAwMDAsImRlbGV0ZSI6MTIwMDAwMDAwMDAwMH0sInNjaGVtYV92ZXJzaW9uIjoiMSJ9",
          "dependencies": [
            "module.networking.data.aws_availability_zones.available",
            "module.networking.module.vpc.aws_vpc.this",
            "module.networking.module.vpc.aws_vpc_ipv4_cidr_block_association.this"
          ],
          "create_before_destroy": true
        },
        {
          "index_key": 2,
          "schema_version": 1,
          "attributes": {
            "arn": "arn:aws:ec2:us-west-2:373986434526:subnet/subnet-0b94c36ca1cf48a43",
            "assign_ipv6_address_on_creation": false,
            "availability_zone": "us-west-2c",
            "availability_zone_id": "usw2-az3",
            "cidr_block": "10.0.9.0/24",
            "customer_owned_ipv4_pool": "",
            "enable_dns64": false,
            "enable_resource_name_dns_a_record_on_launch": false,
            "enable_resource_name_dns_aaaa_record_on_launch": false,
            "id": "subnet-0b94c36ca1cf48a43",
            "ipv6_cidr_block": "",
            "ipv6_cidr_block_association_id": "",
            "ipv6_native": false,
            "map_customer_owned_ip_on_launch": false,
            "map_public_ip_on_launch": false,
            "outpost_arn": "",
            "owner_id": "373986434526",
            "private_dns_hostname_type_on_launch": "ip-name",
            "tags": {
              "Name": "terraform-lesson4-vpc-db-us-west-2c"
            },
            "tags_all": {
              "Name": "terraform-lesson4-vpc-db-us-west-2c"
            },
            "timeouts": null,
            "vpc_id": "vpc-0a0fb33af917dd708"
          },
          "sensitive_attributes": [],
          "private": "eyJlMmJmYjczMC1lY2FhLTExZTYtOGY4OC0zNDM2M2JjN2M0YzAiOnsiY3JlYXRlIjo2MDAwMDAwMDAwMDAsImRlbGV0ZSI6MTIwMDAwMDAwMDAwMH0sInNjaGVtYV92ZXJzaW9uIjoiMSJ9",
          "dependencies": [
            "module.networking.data.aws_availability_zones.available",
            "module.networking.module.vpc.aws_vpc.this",
            "module.networking.module.vpc.aws_vpc_ipv4_cidr_block_association.this"
          ],
          "create_before_destroy": true
        }
      ]
    },
    {
      "module": "module.networking.module.vpc",
      "mode": "managed",
      "type": "aws_subnet",
      "name": "private",
      "provider": "provider[\"registry.terraform.io/hashicorp/aws\"]",
      "instances": [
        {
          "index_key": 0,
          "schema_version": 1,
          "attributes": {
            "arn": "arn:aws:ec2:us-west-2:373986434526:subnet/subnet-03aefa7333acea51d",
            "assign_ipv6_address_on_creation": false,
            "availability_zone": "us-west-2a",
            "availability_zone_id": "usw2-az1",
            "cidr_block": "10.0.1.0/24",
            "customer_owned_ipv4_pool": "",
            "enable_dns64": false,
            "enable_resource_name_dns_a_record_on_launch": false,
            "enable_resource_name_dns_aaaa_record_on_launch": false,
            "id": "subnet-03aefa7333acea51d",
            "ipv6_cidr_block": "",
            "ipv6_cidr_block_association_id": "",
            "ipv6_native": false,
            "map_customer_owned_ip_on_launch": false,
            "map_public_ip_on_launch": false,
            "outpost_arn": "",
            "owner_id": "373986434526",
            "private_dns_hostname_type_on_launch": "ip-name",
            "tags": {
              "Name": "terraform-lesson4-vpc-private-us-west-2a"
            },
            "tags_all": {
              "Name": "terraform-lesson4-vpc-private-us-west-2a"
            },
            "timeouts": null,
            "vpc_id": "vpc-0a0fb33af917dd708"
          },
          "sensitive_attributes": [],
          "private": "eyJlMmJmYjczMC1lY2FhLTExZTYtOGY4OC0zNDM2M2JjN2M0YzAiOnsiY3JlYXRlIjo2MDAwMDAwMDAwMDAsImRlbGV0ZSI6MTIwMDAwMDAwMDAwMH0sInNjaGVtYV92ZXJzaW9uIjoiMSJ9",
          "dependencies": [
            "module.networking.data.aws_availability_zones.available",
            "module.networking.module.vpc.aws_vpc.this",
            "module.networking.module.vpc.aws_vpc_ipv4_cidr_block_association.this"
          ],
          "create_before_destroy": true
        },
        {
          "index_key": 1,
          "schema_version": 1,
          "attributes": {
            "arn": "arn:aws:ec2:us-west-2:373986434526:subnet/subnet-0ccfae29c73d21549",
            "assign_ipv6_address_on_creation": false,
            "availability_zone": "us-west-2b",
            "availability_zone_id": "usw2-az2",
            "cidr_block": "10.0.2.0/24",
            "customer_owned_ipv4_pool": "",
            "enable_dns64": false,
            "enable_resource_name_dns_a_record_on_launch": false,
            "enable_resource_name_dns_aaaa_record_on_launch": false,
            "id": "subnet-0ccfae29c73d21549",
            "ipv6_cidr_block": "",
            "ipv6_cidr_block_association_id": "",
            "ipv6_native": false,
            "map_customer_owned_ip_on_launch": false,
            "map_public_ip_on_launch": false,
            "outpost_arn": "",
            "owner_id": "373986434526",
            "private_dns_hostname_type_on_launch": "ip-name",
            "tags": {
              "Name": "terraform-lesson4-vpc-private-us-west-2b"
            },
            "tags_all": {
              "Name": "terraform-lesson4-vpc-private-us-west-2b"
            },
            "timeouts": null,
            "vpc_id": "vpc-0a0fb33af917dd708"
          },
          "sensitive_attributes": [],
          "private": "eyJlMmJmYjczMC1lY2FhLTExZTYtOGY4OC0zNDM2M2JjN2M0YzAiOnsiY3JlYXRlIjo2MDAwMDAwMDAwMDAsImRlbGV0ZSI6MTIwMDAwMDAwMDAwMH0sInNjaGVtYV92ZXJzaW9uIjoiMSJ9",
          "dependencies": [
            "module.networking.data.aws_availability_zones.available",
            "module.networking.module.vpc.aws_vpc.this",
            "module.networking.module.vpc.aws_vpc_ipv4_cidr_block_association.this"
          ],
          "create_before_destroy": true
        },
        {
          "index_key": 2,
          "schema_version": 1,
          "attributes": {
            "arn": "arn:aws:ec2:us-west-2:373986434526:subnet/subnet-0838c8c6b38f79719",
            "assign_ipv6_address_on_creation": false,
            "availability_zone": "us-west-2c",
            "availability_zone_id": "usw2-az3",
            "cidr_block": "10.0.3.0/24",
            "customer_owned_ipv4_pool": "",
            "enable_dns64": false,
            "enable_resource_name_dns_a_record_on_launch": false,
            "enable_resource_name_dns_aaaa_record_on_launch": false,
            "id": "subnet-0838c8c6b38f79719",
            "ipv6_cidr_block": "",
            "ipv6_cidr_block_association_id": "",
            "ipv6_native": false,
            "map_customer_owned_ip_on_launch": false,
            "map_public_ip_on_launch": false,
            "outpost_arn": "",
            "owner_id": "373986434526",
            "private_dns_hostname_type_on_launch": "ip-name",
            "tags": {
              "Name": "terraform-lesson4-vpc-private-us-west-2c"
            },
            "tags_all": {
              "Name": "terraform-lesson4-vpc-private-us-west-2c"
            },
            "timeouts": null,
            "vpc_id": "vpc-0a0fb33af917dd708"
          },
          "sensitive_attributes": [],
          "private": "eyJlMmJmYjczMC1lY2FhLTExZTYtOGY4OC0zNDM2M2JjN2M0YzAiOnsiY3JlYXRlIjo2MDAwMDAwMDAwMDAsImRlbGV0ZSI6MTIwMDAwMDAwMDAwMH0sInNjaGVtYV92ZXJzaW9uIjoiMSJ9",
          "dependencies": [
            "module.networking.data.aws_availability_zones.available",
            "module.networking.module.vpc.aws_vpc.this",
            "module.networking.module.vpc.aws_vpc_ipv4_cidr_block_association.this"
          ],
          "create_before_destroy": true
        }
      ]
    },
    {
      "module": "module.networking.module.vpc",
      "mode": "managed",
      "type": "aws_subnet",
      "name": "public",
      "provider": "provider[\"registry.terraform.io/hashicorp/aws\"]",
      "instances": [
        {
          "index_key": 0,
          "schema_version": 1,
          "attributes": {
            "arn": "arn:aws:ec2:us-west-2:373986434526:subnet/subnet-0abffeced293b30e2",
            "assign_ipv6_address_on_creation": false,
            "availability_zone": "us-west-2a",
            "availability_zone_id": "usw2-az1",
            "cidr_block": "10.0.4.0/24",
            "customer_owned_ipv4_pool": "",
            "enable_dns64": false,
            "enable_resource_name_dns_a_record_on_launch": false,
            "enable_resource_name_dns_aaaa_record_on_launch": false,
            "id": "subnet-0abffeced293b30e2",
            "ipv6_cidr_block": "",
            "ipv6_cidr_block_association_id": "",
            "ipv6_native": false,
            "map_customer_owned_ip_on_launch": false,
            "map_public_ip_on_launch": true,
            "outpost_arn": "",
            "owner_id": "373986434526",
            "private_dns_hostname_type_on_launch": "ip-name",
            "tags": {
              "Name": "terraform-lesson4-vpc-public-us-west-2a"
            },
            "tags_all": {
              "Name": "terraform-lesson4-vpc-public-us-west-2a"
            },
            "timeouts": null,
            "vpc_id": "vpc-0a0fb33af917dd708"
          },
          "sensitive_attributes": [],
          "private": "eyJlMmJmYjczMC1lY2FhLTExZTYtOGY4OC0zNDM2M2JjN2M0YzAiOnsiY3JlYXRlIjo2MDAwMDAwMDAwMDAsImRlbGV0ZSI6MTIwMDAwMDAwMDAwMH0sInNjaGVtYV92ZXJzaW9uIjoiMSJ9",
          "dependencies": [
            "module.networking.data.aws_availability_zones.available",
            "module.networking.module.vpc.aws_vpc.this",
            "module.networking.module.vpc.aws_vpc_ipv4_cidr_block_association.this"
          ],
          "create_before_destroy": true
        },
        {
          "index_key": 1,
          "schema_version": 1,
          "attributes": {
            "arn": "arn:aws:ec2:us-west-2:373986434526:subnet/subnet-09a0b5c2aab8d2427",
            "assign_ipv6_address_on_creation": false,
            "availability_zone": "us-west-2b",
            "availability_zone_id": "usw2-az2",
            "cidr_block": "10.0.5.0/24",
            "customer_owned_ipv4_pool": "",
            "enable_dns64": false,
            "enable_resource_name_dns_a_record_on_launch": false,
            "enable_resource_name_dns_aaaa_record_on_launch": false,
            "id": "subnet-09a0b5c2aab8d2427",
            "ipv6_cidr_block": "",
            "ipv6_cidr_block_association_id": "",
            "ipv6_native": false,
            "map_customer_owned_ip_on_launch": false,
            "map_public_ip_on_launch": true,
            "outpost_arn": "",
            "owner_id": "373986434526",
            "private_dns_hostname_type_on_launch": "ip-name",
            "tags": {
              "Name": "terraform-lesson4-vpc-public-us-west-2b"
            },
            "tags_all": {
              "Name": "terraform-lesson4-vpc-public-us-west-2b"
            },
            "timeouts": null,
            "vpc_id": "vpc-0a0fb33af917dd708"
          },
          "sensitive_attributes": [],
          "private": "eyJlMmJmYjczMC1lY2FhLTExZTYtOGY4OC0zNDM2M2JjN2M0YzAiOnsiY3JlYXRlIjo2MDAwMDAwMDAwMDAsImRlbGV0ZSI6MTIwMDAwMDAwMDAwMH0sInNjaGVtYV92ZXJzaW9uIjoiMSJ9",
          "dependencies": [
            "module.networking.data.aws_availability_zones.available",
            "module.networking.module.vpc.aws_vpc.this",
            "module.networking.module.vpc.aws_vpc_ipv4_cidr_block_association.this"
          ],
          "create_before_destroy": true
        },
        {
          "index_key": 2,
          "schema_version": 1,
          "attributes": {
            "arn": "arn:aws:ec2:us-west-2:373986434526:subnet/subnet-0600afac893f81b44",
            "assign_ipv6_address_on_creation": false,
            "availability_zone": "us-west-2c",
            "availability_zone_id": "usw2-az3",
            "cidr_block": "10.0.6.0/24",
            "customer_owned_ipv4_pool": "",
            "enable_dns64": false,
            "enable_resource_name_dns_a_record_on_launch": false,
            "enable_resource_name_dns_aaaa_record_on_launch": false,
            "id": "subnet-0600afac893f81b44",
            "ipv6_cidr_block": "",
            "ipv6_cidr_block_association_id": "",
            "ipv6_native": false,
            "map_customer_owned_ip_on_launch": false,
            "map_public_ip_on_launch": true,
            "outpost_arn": "",
            "owner_id": "373986434526",
            "private_dns_hostname_type_on_launch": "ip-name",
            "tags": {
              "Name": "terraform-lesson4-vpc-public-us-west-2c"
            },
            "tags_all": {
              "Name": "terraform-lesson4-vpc-public-us-west-2c"
            },
            "timeouts": null,
            "vpc_id": "vpc-0a0fb33af917dd708"
          },
          "sensitive_attributes": [],
          "private": "eyJlMmJmYjczMC1lY2FhLTExZTYtOGY4OC0zNDM2M2JjN2M0YzAiOnsiY3JlYXRlIjo2MDAwMDAwMDAwMDAsImRlbGV0ZSI6MTIwMDAwMDAwMDAwMH0sInNjaGVtYV92ZXJzaW9uIjoiMSJ9",
          "dependencies": [
            "module.networking.data.aws_availability_zones.available",
            "module.networking.module.vpc.aws_vpc.this",
            "module.networking.module.vpc.aws_vpc_ipv4_cidr_block_association.this"
          ],
          "create_before_destroy": true
        }
      ]
    },
    {
      "module": "module.networking.module.vpc",
      "mode": "managed",
      "type": "aws_vpc",
      "name": "this",
      "provider": "provider[\"registry.terraform.io/hashicorp/aws\"]",
      "instances": [
        {
          "index_key": 0,
          "schema_version": 1,
          "attributes": {
            "arn": "arn:aws:ec2:us-west-2:373986434526:vpc/vpc-0a0fb33af917dd708",
            "assign_generated_ipv6_cidr_block": false,
            "cidr_block": "10.0.0.0/16",
            "default_network_acl_id": "acl-06a1abc23e8969b88",
            "default_route_table_id": "rtb-0475230a5c3310fae",
            "default_security_group_id": "sg-059be5d263554ddd5",
            "dhcp_options_id": "dopt-0b1ca59bfa539eb05",
            "enable_classiclink": false,
            "enable_classiclink_dns_support": false,
            "enable_dns_hostnames": false,
            "enable_dns_support": true,
            "id": "vpc-0a0fb33af917dd708",
            "instance_tenancy": "default",
            "ipv4_ipam_pool_id": null,
            "ipv4_netmask_length": null,
            "ipv6_association_id": "",
            "ipv6_cidr_block": "",
            "ipv6_cidr_block_network_border_group": "",
            "ipv6_ipam_pool_id": "",
            "ipv6_netmask_length": 0,
            "main_route_table_id": "rtb-0475230a5c3310fae",
            "owner_id": "373986434526",
            "tags": {
              "Name": "terraform-lesson4-vpc"
            },
            "tags_all": {
              "Name": "terraform-lesson4-vpc"
            }
          },
          "sensitive_attributes": [],
          "private": "eyJzY2hlbWFfdmVyc2lvbiI6IjEifQ==",
          "create_before_destroy": true
        }
      ]
    },
    {
      "module": "module.networking.module.web_sg",
      "mode": "managed",
      "type": "aws_security_group",
      "name": "security_group",
      "provider": "provider[\"registry.terraform.io/hashicorp/aws\"]",
      "instances": [
        {
          "schema_version": 1,
          "attributes": {
            "arn": "arn:aws:ec2:us-west-2:373986434526:security-group/sg-05719dc6f464c7373",
            "description": "Managed by Terraform",
            "egress": [
              {
                "cidr_blocks": [
                  "0.0.0.0/0"
                ],
                "description": "",
                "from_port": 0,
                "ipv6_cidr_blocks": [],
                "prefix_list_ids": [],
                "protocol": "-1",
                "security_groups": [],
                "self": false,
                "to_port": 0
              }
            ],
            "id": "sg-05719dc6f464c7373",
            "ingress": [
              {
                "cidr_blocks": [],
                "description": "",
                "from_port": 0,
                "ipv6_cidr_blocks": [],
                "prefix_list_ids": [],
                "protocol": "-1",
                "security_groups": [],
                "self": true,
                "to_port": 0
              },
              {
                "cidr_blocks": [],
                "description": "",
                "from_port": 80,
                "ipv6_cidr_blocks": [],
                "prefix_list_ids": [],
                "protocol": "tcp",
                "security_groups": [
                  "sg-083863acca98d43d1"
                ],
                "self": false,
                "to_port": 80
              }
            ],
            "name": "terraform-20220824070959078300000005",
            "name_prefix": "terraform-",
            "owner_id": "373986434526",
            "revoke_rules_on_delete": false,
            "tags": {},
            "tags_all": {},
            "timeouts": null,
            "vpc_id": "vpc-0a0fb33af917dd708"
          },
          "sensitive_attributes": [],
          "private": "eyJlMmJmYjczMC1lY2FhLTExZTYtOGY4OC0zNDM2M2JjN2M0YzAiOnsiY3JlYXRlIjo2MDAwMDAwMDAwMDAsImRlbGV0ZSI6OTAwMDAwMDAwMDAwfSwic2NoZW1hX3ZlcnNpb24iOiIxIn0=",
          "dependencies": [
            "module.networking.module.lb_sg.aws_security_group.security_group",
            "module.networking.module.vpc.aws_vpc.this"
          ]
        }
      ]
    }
  ]
}
